
Microsoft Visual Studio Solution File, Format Version 12.00
# Visual Studio Version 16
VisualStudioVersion = 16.0.30406.217
MinimumVisualStudioVersion = 10.0.40219.1
Project("{FAE04EC0-301F-11D3-BF4B-00C04F79EFBC}") = "OrderManagement", "OrderManagement\OrderManagement.csproj", "{95DC1FF8-8F1C-47EF-B57E-403CE0796D15}"
EndProject
Global
	GlobalSection(SolutionConfigurationPlatforms) = preSolution
		Debug|Any CPU = Debug|Any CPU
		Release|Any CPU = Release|Any CPU
	EndGlobalSection
	GlobalSection(ProjectConfigurationPlatforms) = postSolution
		{95DC1FF8-8F1C-47EF-B57E-403CE0796D15}.Debug|Any CPU.ActiveCfg = Debug|Any CPU
		{95DC1FF8-8F1C-47EF-B57E-403CE0796D15}.Debug|Any CPU.Build.0 = Debug|Any CPU
		{95DC1FF8-8F1C-47EF-B57E-403CE0796D15}.Release|Any CPU.ActiveCfg = Release|Any CPU
		{95DC1FF8-8F1C-47EF-B57E-403CE0796D15}.Release|Any CPU.Build.0 = Release|Any CPU
	EndGlobalSection
	GlobalSection(SolutionProperties) = preSolution
		HideSolutionNode = FALSE
	EndGlobalSection
	GlobalSection(ExtensibilityGlobals) = postSolution
		SolutionGuid = {DCF052E1-8AE2-4132-8F54-2AA81F3DCE35}
	EndGlobalSection
EndGlobal
